// !$*UTF8*$!
{
	archiveVersion = 1;
	classes = {
	};
	objectVersion = 48;
	objects = {

/* Begin PBXCopyFilesBuildPhase section */
		3A3BC7671FF68E5A00DE8566 /* CopyFiles */ = {
			isa = PBXCopyFilesBuildPhase;
			buildActionMask = 2147483647;
			dstPath = /usr/share/man/man1/;
			dstSubfolderSpec = 0;
			files = (
			);
			runOnlyForDeploymentPostprocessing = 1;
		};
/* End PBXCopyFilesBuildPhase section */

/* Begin PBXFileReference section */
		3A3BC7691FF68E5A00DE8566 /* Codility_Lesson */ = {isa = PBXFileReference; explicitFileType = "compiled.mach-o.executable"; includeInIndex = 0; path = Codility_Lesson; sourceTree = BUILT_PRODUCTS_DIR; };
		3A3BC7731FF68E8600DE8566 /* codility_lesson0_Demo1.cpp */ = {isa = PBXFileReference; fileEncoding = 4; lastKnownFileType = sourcecode.cpp.cpp; path = codility_lesson0_Demo1.cpp; sourceTree = "<group>"; };
		3A3BC7741FF68E8600DE8566 /* codility_lesson3_FrogJmp.cpp */ = {isa = PBXFileReference; fileEncoding = 4; lastKnownFileType = sourcecode.cpp.cpp; path = codility_lesson3_FrogJmp.cpp; sourceTree = "<group>"; };
		3A3BC7751FF68E8600DE8566 /* codility_lesson5_GenomicRangeQuery.cpp */ = {isa = PBXFileReference; fileEncoding = 4; lastKnownFileType = sourcecode.cpp.cpp; path = codility_lesson5_GenomicRangeQuery.cpp; sourceTree = "<group>"; };
		3A3BC7761FF68E8600DE8566 /* codility_lesson15_CountTriangles.cpp */ = {isa = PBXFileReference; fileEncoding = 4; lastKnownFileType = sourcecode.cpp.cpp; path = codility_lesson15_CountTriangles.cpp; sourceTree = "<group>"; };
		3A3BC7771FF68E8600DE8566 /* codility_lesson4_PermCheck.cpp */ = {isa = PBXFileReference; fileEncoding = 4; lastKnownFileType = sourcecode.cpp.cpp; path = codility_lesson4_PermCheck.cpp; sourceTree = "<group>"; };
		3A3BC7781FF68E8600DE8566 /* codility_lesson2_CyclicRotation.cpp */ = {isa = PBXFileReference; fileEncoding = 4; lastKnownFileType = sourcecode.cpp.cpp; path = codility_lesson2_CyclicRotation.cpp; sourceTree = "<group>"; };
		3A3BC7791FF68E8600DE8566 /* codility_lesson9_MaxProfit.cpp */ = {isa = PBXFileReference; fileEncoding = 4; lastKnownFileType = sourcecode.cpp.cpp; path = codility_lesson9_MaxProfit.cpp; sourceTree = "<group>"; };
		3A3BC77A1FF68E8600DE8566 /* codility_lesson1_Iterations_BinaryGap.cpp */ = {isa = PBXFileReference; fileEncoding = 4; lastKnownFileType = sourcecode.cpp.cpp; path = codility_lesson1_Iterations_BinaryGap.cpp; sourceTree = "<group>"; };
		3A3BC77B1FF68E8600DE8566 /* codility_lesson4_FrogRiverOne.cpp */ = {isa = PBXFileReference; fileEncoding = 4; lastKnownFileType = sourcecode.cpp.cpp; path = codility_lesson4_FrogRiverOne.cpp; sourceTree = "<group>"; };
		3A3BC77C1FF68E8600DE8566 /* codility_lesson5_PassingCars.cpp */ = {isa = PBXFileReference; fileEncoding = 4; lastKnownFileType = sourcecode.cpp.cpp; path = codility_lesson5_PassingCars.cpp; sourceTree = "<group>"; };
		3A3BC77D1FF68E8700DE8566 /* codility_lesson5_CountDiv.cpp */ = {isa = PBXFileReference; fileEncoding = 4; lastKnownFileType = sourcecode.cpp.cpp; path = codility_lesson5_CountDiv.cpp; sourceTree = "<group>"; };
		3A3BC77E1FF68E8700DE8566 /* codility_lesson6_sorting_MaxProductOfThree.cpp */ = {isa = PBXFileReference; fileEncoding = 4; lastKnownFileType = sourcecode.cpp.cpp; path = codility_lesson6_sorting_MaxProductOfThree.cpp; sourceTree = "<group>"; };
		3A3BC77F1FF68E8700DE8566 /* codility_lesson16_MaxNonoverlappingSegments.cpp */ = {isa = PBXFileReference; fileEncoding = 4; lastKnownFileType = sourcecode.cpp.cpp; path = codility_lesson16_MaxNonoverlappingSegments.cpp; sourceTree = "<group>"; };
		3A3BC7801FF68E8700DE8566 /* codility_lesson15_AbsDistinct.cpp */ = {isa = PBXFileReference; fileEncoding = 4; lastKnownFileType = sourcecode.cpp.cpp; path = codility_lesson15_AbsDistinct.cpp; sourceTree = "<group>"; };
		3A3BC7811FF68E8700DE8566 /* codility_lesson15_CountDistinctSlices.cpp */ = {isa = PBXFileReference; fileEncoding = 4; lastKnownFileType = sourcecode.cpp.cpp; path = codility_lesson15_CountDistinctSlices.cpp; sourceTree = "<group>"; };
		3A3BC7821FF68E8700DE8566 /* codility_lesson7_Brackets.cpp */ = {isa = PBXFileReference; fileEncoding = 4; lastKnownFileType = sourcecode.cpp.cpp; path = codility_lesson7_Brackets.cpp; sourceTree = "<group>"; };
		3A3BC7831FF68E8700DE8566 /* codility_lesson10_Flags.cpp */ = {isa = PBXFileReference; fileEncoding = 4; lastKnownFileType = sourcecode.cpp.cpp; path = codility_lesson10_Flags.cpp; sourceTree = "<group>"; };
		3A3BC7841FF68E8800DE8566 /* codility_lesson14_NailingPlanks.cpp */ = {isa = PBXFileReference; fileEncoding = 4; lastKnownFileType = sourcecode.cpp.cpp; path = codility_lesson14_NailingPlanks.cpp; sourceTree = "<group>"; };
		3A3BC7851FF68E8800DE8566 /* codility_lesson7_stack_queue_fish.cpp */ = {isa = PBXFileReference; fileEncoding = 4; lastKnownFileType = sourcecode.cpp.cpp; path = codility_lesson7_stack_queue_fish.cpp; sourceTree = "<group>"; };
		3A3BC7861FF68E8800DE8566 /* codility_lesson3_TapeEquilibrium.cpp */ = {isa = PBXFileReference; fileEncoding = 4; lastKnownFileType = sourcecode.cpp.cpp; path = codility_lesson3_TapeEquilibrium.cpp; sourceTree = "<group>"; };
		3A3BC7871FF68E8800DE8566 /* codility_lesson16_TieRopes.cpp */ = {isa = PBXFileReference; fileEncoding = 4; lastKnownFileType = sourcecode.cpp.cpp; path = codility_lesson16_TieRopes.cpp; sourceTree = "<group>"; };
		3A3BC7881FF68E8800DE8566 /* codility_lesson11_CountSemiprimes.cpp */ = {isa = PBXFileReference; fileEncoding = 4; lastKnownFileType = sourcecode.cpp.cpp; path = codility_lesson11_CountSemiprimes.cpp; sourceTree = "<group>"; };
		3A3BC7891FF68E8800DE8566 /* codility_lesson6_Distinct.cpp */ = {isa = PBXFileReference; fileEncoding = 4; lastKnownFileType = sourcecode.cpp.cpp; path = codility_lesson6_Distinct.cpp; sourceTree = "<group>"; };
		3A3BC78A1FF68E8800DE8566 /* codility_lesson9_MaxDoubleSliceSum.cpp */ = {isa = PBXFileReference; fileEncoding = 4; lastKnownFileType = sourcecode.cpp.cpp; path = codility_lesson9_MaxDoubleSliceSum.cpp; sourceTree = "<group>"; };
		3A3BC78B1FF68E8800DE8566 /* codility_lesson2_OddOccurrencesInArray.cpp */ = {isa = PBXFileReference; fileEncoding = 4; lastKnownFileType = sourcecode.cpp.cpp; path = codility_lesson2_OddOccurrencesInArray.cpp; sourceTree = "<group>"; };
		3A3BC78C1FF68E8900DE8566 /* codility_lesson5_MinAvgTwoSlice.cpp */ = {isa = PBXFileReference; fileEncoding = 4; lastKnownFileType = sourcecode.cpp.cpp; path = codility_lesson5_MinAvgTwoSlice.cpp; sourceTree = "<group>"; };
		3A3BC78D1FF68E8900DE8566 /* codility_lesson7_stack_queue_StoneWall.cpp */ = {isa = PBXFileReference; fileEncoding = 4; lastKnownFileType = sourcecode.cpp.cpp; path = codility_lesson7_stack_queue_StoneWall.cpp; sourceTree = "<group>"; };
		3A3BC78E1FF68E8900DE8566 /* codility_lesson10_peaks.cpp */ = {isa = PBXFileReference; fileEncoding = 4; lastKnownFileType = sourcecode.cpp.cpp; path = codility_lesson10_peaks.cpp; sourceTree = "<group>"; };
		3A3BC78F1FF68E8900DE8566 /* codility_lesson3_PermMissingElem.cpp */ = {isa = PBXFileReference; fileEncoding = 4; lastKnownFileType = sourcecode.cpp.cpp; path = codility_lesson3_PermMissingElem.cpp; sourceTree = "<group>"; };
		3A3BC7901FF68E8900DE8566 /* codility_lesson6_sorting_Triangle.cpp */ = {isa = PBXFileReference; fileEncoding = 4; lastKnownFileType = sourcecode.cpp.cpp; path = codility_lesson6_sorting_Triangle.cpp; sourceTree = "<group>"; };
		3A3BC7911FF68E8A00DE8566 /* codility_lesson12_ChocolatesByNumbers.cpp */ = {isa = PBXFileReference; fileEncoding = 4; lastKnownFileType = sourcecode.cpp.cpp; path = codility_lesson12_ChocolatesByNumbers.cpp; sourceTree = "<group>"; };
		3A3BC7921FF68E8A00DE8566 /* codility_lesson4_MaxCounters.cpp */ = {isa = PBXFileReference; fileEncoding = 4; lastKnownFileType = sourcecode.cpp.cpp; path = codility_lesson4_MaxCounters.cpp; sourceTree = "<group>"; };
		3A3BC7931FF68E8A00DE8566 /* codility_lesson4_ MissingInteger.cpp */ = {isa = PBXFileReference; fileEncoding = 4; lastKnownFileType = sourcecode.cpp.cpp; path = "codility_lesson4_ MissingInteger.cpp"; sourceTree = "<group>"; };
		3A3BC7941FF68E8A00DE8566 /* codility_lesson8_Leader_Dominator.cpp */ = {isa = PBXFileReference; fileEncoding = 4; lastKnownFileType = sourcecode.cpp.cpp; path = codility_lesson8_Leader_Dominator.cpp; sourceTree = "<group>"; };
		3A3BC7951FF68E8A00DE8566 /* codility_lesson10_CountFactors.cpp */ = {isa = PBXFileReference; fileEncoding = 4; lastKnownFileType = sourcecode.cpp.cpp; path = codility_lesson10_CountFactors.cpp; sourceTree = "<group>"; };
		3A3BC7961FF68E8A00DE8566 /* codility_lesson8_Leader_EquiLeader.cpp */ = {isa = PBXFileReference; fileEncoding = 4; lastKnownFileType = sourcecode.cpp.cpp; path = codility_lesson8_Leader_EquiLeader.cpp; sourceTree = "<group>"; };
		3A3BC7971FF68E8A00DE8566 /* codility_lesson10_MinPerimeterRectangle.cpp */ = {isa = PBXFileReference; fileEncoding = 4; lastKnownFileType = sourcecode.cpp.cpp; path = codility_lesson10_MinPerimeterRectangle.cpp; sourceTree = "<group>"; };
		3A3BC7981FF68E8A00DE8566 /* codility_lesson14_MinMaxDivision.cpp */ = {isa = PBXFileReference; fileEncoding = 4; lastKnownFileType = sourcecode.cpp.cpp; path = codility_lesson14_MinMaxDivision.cpp; sourceTree = "<group>"; };
		3A3BC7991FF68E8B00DE8566 /* codility_lesson6_NumberOfDiscIntersections.cpp */ = {isa = PBXFileReference; fileEncoding = 4; lastKnownFileType = sourcecode.cpp.cpp; path = codility_lesson6_NumberOfDiscIntersections.cpp; sourceTree = "<group>"; };
		3A3BC79A1FF68E8B00DE8566 /* codility_lesson9_MaxSliceSum.cpp */ = {isa = PBXFileReference; fileEncoding = 4; lastKnownFileType = sourcecode.cpp.cpp; path = codility_lesson9_MaxSliceSum.cpp; sourceTree = "<group>"; };
/* End PBXFileReference section */

/* Begin PBXFrameworksBuildPhase section */
		3A3BC7661FF68E5A00DE8566 /* Frameworks */ = {
			isa = PBXFrameworksBuildPhase;
			buildActionMask = 2147483647;
			files = (
			);
			runOnlyForDeploymentPostprocessing = 0;
		};
/* End PBXFrameworksBuildPhase section */

/* Begin PBXGroup section */
		3A3BC7601FF68E5A00DE8566 = {
			isa = PBXGroup;
			children = (
				3A3BC76B1FF68E5A00DE8566 /* Codility_Lesson */,
				3A3BC76A1FF68E5A00DE8566 /* Products */,
			);
			sourceTree = "<group>";
		};
		3A3BC76A1FF68E5A00DE8566 /* Products */ = {
			isa = PBXGroup;
			children = (
				3A3BC7691FF68E5A00DE8566 /* Codility_Lesson */,
			);
			name = Products;
			sourceTree = "<group>";
		};
		3A3BC76B1FF68E5A00DE8566 /* Codility_Lesson */ = {
			isa = PBXGroup;
			children = (
				3A3BC7731FF68E8600DE8566 /* codility_lesson0_Demo1.cpp */,
				3A3BC77A1FF68E8600DE8566 /* codility_lesson1_Iterations_BinaryGap.cpp */,
				3A3BC7781FF68E8600DE8566 /* codility_lesson2_CyclicRotation.cpp */,
				3A3BC78B1FF68E8800DE8566 /* codility_lesson2_OddOccurrencesInArray.cpp */,
				3A3BC7741FF68E8600DE8566 /* codility_lesson3_FrogJmp.cpp */,
				3A3BC78F1FF68E8900DE8566 /* codility_lesson3_PermMissingElem.cpp */,
				3A3BC7861FF68E8800DE8566 /* codility_lesson3_TapeEquilibrium.cpp */,
				3A3BC7931FF68E8A00DE8566 /* codility_lesson4_ MissingInteger.cpp */,
				3A3BC77B1FF68E8600DE8566 /* codility_lesson4_FrogRiverOne.cpp */,
				3A3BC7921FF68E8A00DE8566 /* codility_lesson4_MaxCounters.cpp */,
				3A3BC7771FF68E8600DE8566 /* codility_lesson4_PermCheck.cpp */,
				3A3BC77D1FF68E8700DE8566 /* codility_lesson5_CountDiv.cpp */,
				3A3BC7751FF68E8600DE8566 /* codility_lesson5_GenomicRangeQuery.cpp */,
				3A3BC78C1FF68E8900DE8566 /* codility_lesson5_MinAvgTwoSlice.cpp */,
				3A3BC77C1FF68E8600DE8566 /* codility_lesson5_PassingCars.cpp */,
				3A3BC7891FF68E8800DE8566 /* codility_lesson6_Distinct.cpp */,
				3A3BC7991FF68E8B00DE8566 /* codility_lesson6_NumberOfDiscIntersections.cpp */,
				3A3BC77E1FF68E8700DE8566 /* codility_lesson6_sorting_MaxProductOfThree.cpp */,
				3A3BC7901FF68E8900DE8566 /* codility_lesson6_sorting_Triangle.cpp */,
				3A3BC7821FF68E8700DE8566 /* codility_lesson7_Brackets.cpp */,
				3A3BC7851FF68E8800DE8566 /* codility_lesson7_stack_queue_fish.cpp */,
				3A3BC78D1FF68E8900DE8566 /* codility_lesson7_stack_queue_StoneWall.cpp */,
				3A3BC7941FF68E8A00DE8566 /* codility_lesson8_Leader_Dominator.cpp */,
				3A3BC7961FF68E8A00DE8566 /* codility_lesson8_Leader_EquiLeader.cpp */,
				3A3BC78A1FF68E8800DE8566 /* codility_lesson9_MaxDoubleSliceSum.cpp */,
				3A3BC7791FF68E8600DE8566 /* codility_lesson9_MaxProfit.cpp */,
				3A3BC79A1FF68E8B00DE8566 /* codility_lesson9_MaxSliceSum.cpp */,
				3A3BC7951FF68E8A00DE8566 /* codility_lesson10_CountFactors.cpp */,
				3A3BC7831FF68E8700DE8566 /* codility_lesson10_Flags.cpp */,
				3A3BC7971FF68E8A00DE8566 /* codility_lesson10_MinPerimeterRectangle.cpp */,
				3A3BC78E1FF68E8900DE8566 /* codility_lesson10_peaks.cpp */,
				3A3BC7881FF68E8800DE8566 /* codility_lesson11_CountSemiprimes.cpp */,
				3A3BC7911FF68E8A00DE8566 /* codility_lesson12_ChocolatesByNumbers.cpp */,
				3A3BC7981FF68E8A00DE8566 /* codility_lesson14_MinMaxDivision.cpp */,
				3A3BC7841FF68E8800DE8566 /* codility_lesson14_NailingPlanks.cpp */,
				3A3BC7801FF68E8700DE8566 /* codility_lesson15_AbsDistinct.cpp */,
				3A3BC7811FF68E8700DE8566 /* codility_lesson15_CountDistinctSlices.cpp */,
				3A3BC7761FF68E8600DE8566 /* codility_lesson15_CountTriangles.cpp */,
				3A3BC77F1FF68E8700DE8566 /* codility_lesson16_MaxNonoverlappingSegments.cpp */,
				3A3BC7871FF68E8800DE8566 /* codility_lesson16_TieRopes.cpp */,
			);
			path = Codility_Lesson;
			sourceTree = "<group>";
		};
/* End PBXGroup section */

/* Begin PBXNativeTarget section */
		3A3BC7681FF68E5A00DE8566 /* Codility_Lesson */ = {
			isa = PBXNativeTarget;
			buildConfigurationList = 3A3BC7701FF68E5A00DE8566 /* Build configuration list for PBXNativeTarget "Codility_Lesson" */;
			buildPhases = (
				3A3BC7661FF68E5A00DE8566 /* Frameworks */,
				3A3BC7671FF68E5A00DE8566 /* CopyFiles */,
			);
			buildRules = (
			);
			dependencies = (
			);
			name = Codility_Lesson;
			productName = Codility_Lesson;
			productReference = 3A3BC7691FF68E5A00DE8566 /* Codility_Lesson */;
			productType = "com.apple.product-type.tool";
		};
/* End PBXNativeTarget section */

/* Begin PBXProject section */
		3A3BC7611FF68E5A00DE8566 /* Project object */ = {
			isa = PBXProject;
			attributes = {
				LastUpgradeCheck = 0920;
				ORGANIZATIONNAME = "Hong Kun";
				TargetAttributes = {
					3A3BC7681FF68E5A00DE8566 = {
						CreatedOnToolsVersion = 9.2;
						ProvisioningStyle = Automatic;
					};
				};
			};
			buildConfigurationList = 3A3BC7641FF68E5A00DE8566 /* Build configuration list for PBXProject "Codility_Lesson" */;
			compatibilityVersion = "Xcode 8.0";
			developmentRegion = en;
			hasScannedForEncodings = 0;
			knownRegions = (
				en,
			);
			mainGroup = 3A3BC7601FF68E5A00DE8566;
			productRefGroup = 3A3BC76A1FF68E5A00DE8566 /* Products */;
			projectDirPath = "";
			projectRoot = "";
			targets = (
				3A3BC7681FF68E5A00DE8566 /* Codility_Lesson */,
			);
		};
/* End PBXProject section */

/* Begin XCBuildConfiguration section */
		3A3BC76E1FF68E5A00DE8566 /* Debug */ = {
			isa = XCBuildConfiguration;
			buildSettings = {
				ALWAYS_SEARCH_USER_PATHS = NO;
				CLANG_ANALYZER_NONNULL = YES;
				CLANG_ANALYZER_NUMBER_OBJECT_CONVERSION = YES_AGGRESSIVE;
				CLANG_CXX_LANGUAGE_STANDARD = "gnu++14";
				CLANG_CXX_LIBRARY = "libc++";
				CLANG_ENABLE_MODULES = YES;
				CLANG_ENABLE_OBJC_ARC = YES;
				CLANG_WARN_BLOCK_CAPTURE_AUTORELEASING = YES;
				CLANG_WARN_BOOL_CONVERSION = YES;
				CLANG_WARN_COMMA = YES;
				CLANG_WARN_CONSTANT_CONVERSION = YES;
				CLANG_WARN_DIRECT_OBJC_ISA_USAGE = YES_ERROR;
				CLANG_WARN_DOCUMENTATION_COMMENTS = YES;
				CLANG_WARN_EMPTY_BODY = YES;
				CLANG_WARN_ENUM_CONVERSION = YES;
				CLANG_WARN_INFINITE_RECURSION = YES;
				CLANG_WARN_INT_CONVERSION = YES;
				CLANG_WARN_NON_LITERAL_NULL_CONVERSION = YES;
				CLANG_WARN_OBJC_LITERAL_CONVERSION = YES;
				CLANG_WARN_OBJC_ROOT_CLASS = YES_ERROR;
				CLANG_WARN_RANGE_LOOP_ANALYSIS = YES;
				CLANG_WARN_STRICT_PROTOTYPES = YES;
				CLANG_WARN_SUSPICIOUS_MOVE = YES;
				CLANG_WARN_UNGUARDED_AVAILABILITY = YES_AGGRESSIVE;
				CLANG_WARN_UNREACHABLE_CODE = YES;
				CLANG_WARN__DUPLICATE_METHOD_MATCH = YES;
				CODE_SIGN_IDENTITY = "-";
				COPY_PHASE_STRIP = NO;
				DEBUG_INFORMATION_FORMAT = dwarf;
				ENABLE_STRICT_OBJC_MSGSEND = YES;
				ENABLE_TESTABILITY = YES;
				GCC_C_LANGUAGE_STANDARD = gnu11;
				GCC_DYNAMIC_NO_PIC = NO;
				GCC_NO_COMMON_BLOCKS = YES;
				GCC_OPTIMIZATION_LEVEL = 0;
				GCC_PREPROCESSOR_DEFINITIONS = (
					"DEBUG=1",
					"$(inherited)",
				);
				GCC_WARN_64_TO_32_BIT_CONVERSION = YES;
				GCC_WARN_ABOUT_RETURN_TYPE = YES_ERROR;
				GCC_WARN_UNDECLARED_SELECTOR = YES;
				GCC_WARN_UNINITIALIZED_AUTOS = YES_AGGRESSIVE;
				GCC_WARN_UNUSED_FUNCTION = YES;
				GCC_WARN_UNUSED_VARIABLE = YES;
				MACOSX_DEPLOYMENT_TARGET = 10.13;
				MTL_ENABLE_DEBUG_INFO = YES;
				ONLY_ACTIVE_ARCH = YES;
				SDKROOT = macosx;
			};
			name = Debug;
		};
		3A3BC76F1FF68E5A00DE8566 /* Release */ = {
			isa = XCBuildConfiguration;
			buildSettings = {
				ALWAYS_SEARCH_USER_PATHS = NO;
				CLANG_ANALYZER_NONNULL = YES;
				CLANG_ANALYZER_NUMBER_OBJECT_CONVERSION = YES_AGGRESSIVE;
				CLANG_CXX_LANGUAGE_STANDARD = "gnu++14";
				CLANG_CXX_LIBRARY = "libc++";
				CLANG_ENABLE_MODULES = YES;
				CLANG_ENABLE_OBJC_ARC = YES;
				CLANG_WARN_BLOCK_CAPTURE_AUTORELEASING = YES;
				CLANG_WARN_BOOL_CONVERSION = YES;
				CLANG_WARN_COMMA = YES;
				CLANG_WARN_CONSTANT_CONVERSION = YES;
				CLANG_WARN_DIRECT_OBJC_ISA_USAGE = YES_ERROR;
				CLANG_WARN_DOCUMENTATION_COMMENTS = YES;
				CLANG_WARN_EMPTY_BODY = YES;
				CLANG_WARN_ENUM_CONVERSION = YES;
				CLANG_WARN_INFINITE_RECURSION = YES;
				CLANG_WARN_INT_CONVERSION = YES;
				CLANG_WARN_NON_LITERAL_NULL_CONVERSION = YES;
				CLANG_WARN_OBJC_LITERAL_CONVERSION = YES;
				CLANG_WARN_OBJC_ROOT_CLASS = YES_ERROR;
				CLANG_WARN_RANGE_LOOP_ANALYSIS = YES;
				CLANG_WARN_STRICT_PROTOTYPES = YES;
				CLANG_WARN_SUSPICIOUS_MOVE = YES;
				CLANG_WARN_UNGUARDED_AVAILABILITY = YES_AGGRESSIVE;
				CLANG_WARN_UNREACHABLE_CODE = YES;
				CLANG_WARN__DUPLICATE_METHOD_MATCH = YES;
				CODE_SIGN_IDENTITY = "-";
				COPY_PHASE_STRIP = NO;
				DEBUG_INFORMATION_FORMAT = "dwarf-with-dsym";
				ENABLE_NS_ASSERTIONS = NO;
				ENABLE_STRICT_OBJC_MSGSEND = YES;
				GCC_C_LANGUAGE_STANDARD = gnu11;
				GCC_NO_COMMON_BLOCKS = YES;
				GCC_WARN_64_TO_32_BIT_CONVERSION = YES;
				GCC_WARN_ABOUT_RETURN_TYPE = YES_ERROR;
				GCC_WARN_UNDECLARED_SELECTOR = YES;
				GCC_WARN_UNINITIALIZED_AUTOS = YES_AGGRESSIVE;
				GCC_WARN_UNUSED_FUNCTION = YES;
				GCC_WARN_UNUSED_VARIABLE = YES;
				MACOSX_DEPLOYMENT_TARGET = 10.13;
				MTL_ENABLE_DEBUG_INFO = NO;
				SDKROOT = macosx;
			};
			name = Release;
		};
		3A3BC7711FF68E5A00DE8566 /* Debug */ = {
			isa = XCBuildConfiguration;
			buildSettings = {
				CODE_SIGN_STYLE = Automatic;
				PRODUCT_NAME = "$(TARGET_NAME)";
			};
			name = Debug;
		};
		3A3BC7721FF68E5A00DE8566 /* Release */ = {
			isa = XCBuildConfiguration;
			buildSettings = {
				CODE_SIGN_STYLE = Automatic;
				PRODUCT_NAME = "$(TARGET_NAME)";
			};
			name = Release;
		};
/* End XCBuildConfiguration section */

/* Begin XCConfigurationList section */
		3A3BC7641FF68E5A00DE8566 /* Build configuration list for PBXProject "Codility_Lesson" */ = {
			isa = XCConfigurationList;
			buildConfigurations = (
				3A3BC76E1FF68E5A00DE8566 /* Debug */,
				3A3BC76F1FF68E5A00DE8566 /* Release */,
			);
			defaultConfigurationIsVisible = 0;
			defaultConfigurationName = Release;
		};
		3A3BC7701FF68E5A00DE8566 /* Build configuration list for PBXNativeTarget "Codility_Lesson" */ = {
			isa = XCConfigurationList;
			buildConfigurations = (
				3A3BC7711FF68E5A00DE8566 /* Debug */,
				3A3BC7721FF68E5A00DE8566 /* Release */,
			);
			defaultConfigurationIsVisible = 0;
			defaultConfigurationName = Release;
		};
/* End XCConfigurationList section */
	};
	rootObject = 3A3BC7611FF68E5A00DE8566 /* Project object */;
}
